
Microsoft Visual Studio Solution File, Format Version 12.00
# Visual Studio 15
VisualStudioVersion = 15.0.28010.2026
MinimumVisualStudioVersion = 10.0.40219.1
Project("{9092AA53-FB77-4645-B42D-1CCCA6BD08BD}") = "NodejsWebApp1", "NodejsWebApp1\NodejsWebApp1.njsproj", "{946A70C5-7B40-414D-9D38-30D3D38B2F77}"
EndProject
Global
	GlobalSection(SolutionConfigurationPlatforms) = preSolution
		Debug|Any CPU = Debug|Any CPU
		Release|Any CPU = Release|Any CPU
	EndGlobalSection
	GlobalSection(ProjectConfigurationPlatforms) = postSolution
		{946A70C5-7B40-414D-9D38-30D3D38B2F77}.Debug|Any CPU.ActiveCfg = Debug|Any CPU
		{946A70C5-7B40-414D-9D38-30D3D38B2F77}.Debug|Any CPU.Build.0 = Debug|Any CPU
		{946A70C5-7B40-414D-9D38-30D3D38B2F77}.Release|Any CPU.ActiveCfg = Release|Any CPU
		{946A70C5-7B40-414D-9D38-30D3D38B2F77}.Release|Any CPU.Build.0 = Release|Any CPU
	EndGlobalSection
	GlobalSection(SolutionProperties) = preSolution
		HideSolutionNode = FALSE
	EndGlobalSection
	GlobalSection(ExtensibilityGlobals) = postSolution
		SolutionGuid = {C89C5524-9665-426B-873C-C9C919D18E73}
	EndGlobalSection
EndGlobal
